# This file is automatically @generated by Poetry 2.1.3 and should not be changed by hand.

[[package]]
name = "pymupdf"
version = "1.26.3"
description = "A high performance Python library for data extraction, analysis, conversion & manipulation of PDF (and other) documents."
optional = false
python-versions = ">=3.9"
groups = ["main"]
files = [
    {file = "pymupdf-1.26.3-cp39-abi3-macosx_10_9_x86_64.whl", hash = "sha256:ded891963944e5f13b03b88f6d9e982e816a4ec8689fe360876eef000c161f2b"},
    {file = "pymupdf-1.26.3-cp39-abi3-macosx_11_0_arm64.whl", hash = "sha256:436a33c738bb10eadf00395d18a6992b801ffb26521ee1f361ae786dd283327a"},
    {file = "pymupdf-1.26.3-cp39-abi3-manylinux_2_28_aarch64.whl", hash = "sha256:a2d7a3cd442f12f05103cb3bb1415111517f0a97162547a3720f3bbbc5e0b51c"},
    {file = "pymupdf-1.26.3-cp39-abi3-manylinux_2_28_x86_64.whl", hash = "sha256:454f38c8cf07eb333eb4646dca10517b6e90f57ce2daa2265a78064109d85555"},
    {file = "pymupdf-1.26.3-cp39-abi3-musllinux_1_2_x86_64.whl", hash = "sha256:759b75d2f710ff4edf8d097d2e98f60e9ecef47632cead6f949b3412facdb9f0"},
    {file = "pymupdf-1.26.3-cp39-abi3-win32.whl", hash = "sha256:a839ed44742faa1cd4956bb18068fe5aae435d67ce915e901318646c4e7bbea6"},
    {file = "pymupdf-1.26.3-cp39-abi3-win_amd64.whl", hash = "sha256:b4cd5124d05737944636cf45fc37ce5824f10e707b0342efe109c7b6bd37a9cc"},
    {file = "pymupdf-1.26.3.tar.gz", hash = "sha256:b7d2c3ffa9870e1e4416d18862f5ccd356af5fe337b4511093bbbce2ca73b7e5"},
]

[metadata]
lock-version = "2.1"
python-versions = ">=3.13"
content-hash = "f6526ae3d7c78d8eb9eabef3bf2341b41a296d08f0326ecf2c2ff763fab2368d"
