# This file is automatically @generated by Poetry 2.1.3 and should not be changed by hand.

[[package]]
name = "colorama"
version = "0.4.6"
description = "Cross-platform colored terminal text."
optional = false
python-versions = "!=3.0.*,!=3.1.*,!=3.2.*,!=3.3.*,!=3.4.*,!=3.5.*,!=3.6.*,>=2.7"
groups = ["dev"]
markers = "sys_platform == \"win32\""
files = [
    {file = "colorama-0.4.6-py2.py3-none-any.whl", hash = "sha256:4f1d9991f5acc0ca119f9d443620b77f9d6b33703e51011c16baf57afb285fc6"},
    {file = "colorama-0.4.6.tar.gz", hash = "sha256:08695f5cb7ed6e0531a20572697297273c47b8cae5a63ffc6d6ed5c201be6e44"},
]

[[package]]
name = "iniconfig"
version = "2.1.0"
description = "brain-dead simple config-ini parsing"
optional = false
python-versions = ">=3.8"
groups = ["dev"]
files = [
    {file = "iniconfig-2.1.0-py3-none-any.whl", hash = "sha256:9deba5723312380e77435581c6bf4935c94cbfab9b1ed33ef8d238ea168eb760"},
    {file = "iniconfig-2.1.0.tar.gz", hash = "sha256:3abbd2e30b36733fee78f9c7f7308f2d0050e88f0087fd25c2645f63c773e1c7"},
]

[[package]]
name = "packaging"
version = "25.0"
description = "Core utilities for Python packages"
optional = false
python-versions = ">=3.8"
groups = ["dev"]
files = [
    {file = "packaging-25.0-py3-none-any.whl", hash = "sha256:29572ef2b1f17581046b3a2227d5c611fb25ec70ca1ba8554b24b0e69331a484"},
    {file = "packaging-25.0.tar.gz", hash = "sha256:d443872c98d677bf60f6a1f2f8c1cb748e8fe762d2bf9d3148b5599295b0fc4f"},
]

[[package]]
name = "pluggy"
version = "1.6.0"
description = "plugin and hook calling mechanisms for python"
optional = false
python-versions = ">=3.9"
groups = ["dev"]
files = [
    {file = "pluggy-1.6.0-py3-none-any.whl", hash = "sha256:e920276dd6813095e9377c0bc5566d94c932c33b27a3e3945d8389c374dd4746"},
    {file = "pluggy-1.6.0.tar.gz", hash = "sha256:7dcc130b76258d33b90f61b658791dede3486c3e6bfb003ee5c9bfb396dd22f3"},
]

[package.extras]
dev = ["pre-commit", "tox"]
testing = ["coverage", "pytest", "pytest-benchmark"]

[[package]]
name = "pygments"
version = "2.19.2"
description = "Pygments is a syntax highlighting package written in Python."
optional = false
python-versions = ">=3.8"
groups = ["dev"]
files = [
    {file = "pygments-2.19.2-py3-none-any.whl", hash = "sha256:86540386c03d588bb81d44bc3928634ff26449851e99741617ecb9037ee5ec0b"},
    {file = "pygments-2.19.2.tar.gz", hash = "sha256:636cb2477cec7f8952536970bc533bc43743542f70392ae026374600add5b887"},
]

[package.extras]
windows-terminal = ["colorama (>=0.4.6)"]

[[package]]
name = "pymupdf"
version = "1.26.3"
description = "A high performance Python library for data extraction, analysis, conversion & manipulation of PDF (and other) documents."
optional = false
python-versions = ">=3.9"
groups = ["main"]
files = [
    {file = "pymupdf-1.26.3-cp39-abi3-macosx_10_9_x86_64.whl", hash = "sha256:ded891963944e5f13b03b88f6d9e982e816a4ec8689fe360876eef000c161f2b"},
    {file = "pymupdf-1.26.3-cp39-abi3-macosx_11_0_arm64.whl", hash = "sha256:436a33c738bb10eadf00395d18a6992b801ffb26521ee1f361ae786dd283327a"},
    {file = "pymupdf-1.26.3-cp39-abi3-manylinux_2_28_aarch64.whl", hash = "sha256:a2d7a3cd442f12f05103cb3bb1415111517f0a97162547a3720f3bbbc5e0b51c"},
    {file = "pymupdf-1.26.3-cp39-abi3-manylinux_2_28_x86_64.whl", hash = "sha256:454f38c8cf07eb333eb4646dca10517b6e90f57ce2daa2265a78064109d85555"},
    {file = "pymupdf-1.26.3-cp39-abi3-musllinux_1_2_x86_64.whl", hash = "sha256:759b75d2f710ff4edf8d097d2e98f60e9ecef47632cead6f949b3412facdb9f0"},
    {file = "pymupdf-1.26.3-cp39-abi3-win32.whl", hash = "sha256:a839ed44742faa1cd4956bb18068fe5aae435d67ce915e901318646c4e7bbea6"},
    {file = "pymupdf-1.26.3-cp39-abi3-win_amd64.whl", hash = "sha256:b4cd5124d05737944636cf45fc37ce5824f10e707b0342efe109c7b6bd37a9cc"},
    {file = "pymupdf-1.26.3.tar.gz", hash = "sha256:b7d2c3ffa9870e1e4416d18862f5ccd356af5fe337b4511093bbbce2ca73b7e5"},
]

[[package]]
name = "pypandoc"
version = "1.15"
description = "Thin wrapper for pandoc."
optional = false
python-versions = ">=3.7"
groups = ["main"]
files = [
    {file = "pypandoc-1.15-py3-none-any.whl", hash = "sha256:4ededcc76c8770f27aaca6dff47724578428eca84212a31479403a9731fc2b16"},
    {file = "pypandoc-1.15.tar.gz", hash = "sha256:ea25beebe712ae41d63f7410c08741a3cab0e420f6703f95bc9b3a749192ce13"},
]

[[package]]
name = "pytest"
version = "8.4.1"
description = "pytest: simple powerful testing with Python"
optional = false
python-versions = ">=3.9"
groups = ["dev"]
files = [
    {file = "pytest-8.4.1-py3-none-any.whl", hash = "sha256:539c70ba6fcead8e78eebbf1115e8b589e7565830d7d006a8723f19ac8a0afb7"},
    {file = "pytest-8.4.1.tar.gz", hash = "sha256:7c67fd69174877359ed9371ec3af8a3d2b04741818c51e5e99cc1742251fa93c"},
]

[package.dependencies]
colorama = {version = ">=0.4", markers = "sys_platform == \"win32\""}
iniconfig = ">=1"
packaging = ">=20"
pluggy = ">=1.5,<2"
pygments = ">=2.7.2"

[package.extras]
dev = ["argcomplete", "attrs (>=19.2)", "hypothesis (>=3.56)", "mock", "requests", "setuptools", "xmlschema"]

[metadata]
lock-version = "2.1"
python-versions = ">=3.13"
content-hash = "4e4cbe6d7dc34eedca59bbe2cf7784a6cb6865a9cbb1395d30ce8b09bcff32b9"
